dependencies:
  espressif/ds18b20:
    component_hash: 9792f38a20eb2fe7435cba349e3b4b7085381f05400233aacd849ced69e2207f
    dependencies:
    - name: espressif/onewire_bus
      registry_url: https://components.espressif.com
      require: private
      version: ^1.0.0
    source:
      registry_url: https://components.espressif.com/
      type: service
    version: 0.2.0
  espressif/esp-zboss-lib:
    component_hash: 321883d142421f65009972408287441794250057668a11abbdfd8bec77c3309a
    dependencies:
    - name: idf
      require: private
      version: '>=5.0'
    source:
      registry_url: https://components.espressif.com/
      type: service
    version: 1.6.4
  espressif/esp-zigbee-lib:
    component_hash: fa0812e6743e2a7d999af9f44ccdcea17ccb1e80f98d6b2956f44687503a88fd
    dependencies:
    - name: idf
      require: private
      version: '>=5.0'
    source:
      registry_url: https://components.espressif.com/
      type: service
    version: 1.6.8
  espressif/led_strip:
    component_hash: 7e92a0c8a2e35b40904f88e88ce3c0dffff504a2763f70fba7ef4787cf2eec83
    dependencies:
    - name: idf
      require: private
      version: '>=5.0'
    source:
      registry_url: https://components.espressif.com/
      type: service
    version: 2.0.0
  espressif/onewire_bus:
    component_hash: 11729fd9a5de80225177a61e9cd77de91683b8ec300e83710d5327b666dbe884
    dependencies:
    - name: idf
      require: private
      version: '>=5.0'
    source:
      registry_url: https://components.espressif.com/
      type: service
    version: 1.0.4
  idf:
    source:
      type: idf
    version: 5.5.1
direct_dependencies:
- espressif/ds18b20
- espressif/esp-zboss-lib
- espressif/esp-zigbee-lib
- espressif/led_strip
- espressif/onewire_bus
- idf
manifest_hash: b8b0b372807dc93c8b02016ae69aa435906f0f8edfed4e003b5ac4f466323300
target: esp32c6
version: 2.0.0
